
Microsoft Visual Studio Solution File, Format Version 12.00
Project("{FAE04EC0-301F-11D3-BF4B-00C04F79EFBC}") = "ExceptionMiddleware", "ExceptionMiddleware.csproj", "{7BFEBC62-96DE-4AAC-A93B-39896B47175D}"
EndProject
Global
	GlobalSection(SolutionConfigurationPlatforms) = preSolution
		Debug|Any CPU = Debug|Any CPU
		Release|Any CPU = Release|Any CPU
	EndGlobalSection
	GlobalSection(ProjectConfigurationPlatforms) = postSolution
		{7BFEBC62-96DE-4AAC-A93B-39896B47175D}.Debug|Any CPU.ActiveCfg = Debug|Any CPU
		{7BFEBC62-96DE-4AAC-A93B-39896B47175D}.Debug|Any CPU.Build.0 = Debug|Any CPU
		{7BFEBC62-96DE-4AAC-A93B-39896B47175D}.Release|Any CPU.ActiveCfg = Release|Any CPU
		{7BFEBC62-96DE-4AAC-A93B-39896B47175D}.Release|Any CPU.Build.0 = Release|Any CPU
	EndGlobalSection
EndGlobal
